
Microsoft Visual Studio Solution File, Format Version 12.00
# Visual Studio Version 17
VisualStudioVersion = 17.8.34330.188
MinimumVisualStudioVersion = 10.0.40219.1
Project("{FAE04EC0-301F-11D3-BF4B-00C04F79EFBC}") = "FURNITURE_WEB", "FURNITURE_WEB.csproj", "{22B541F6-47DA-4D76-A1C1-43C79B2C8D7B}"
EndProject
Global
	GlobalSection(SolutionConfigurationPlatforms) = preSolution
		Debug|Any CPU = Debug|Any CPU
		Release|Any CPU = Release|Any CPU
	EndGlobalSection
	GlobalSection(ProjectConfigurationPlatforms) = postSolution
		{22B541F6-47DA-4D76-A1C1-43C79B2C8D7B}.Debug|Any CPU.ActiveCfg = Debug|Any CPU
		{22B541F6-47DA-4D76-A1C1-43C79B2C8D7B}.Debug|Any CPU.Build.0 = Debug|Any CPU
		{22B541F6-47DA-4D76-A1C1-43C79B2C8D7B}.Release|Any CPU.ActiveCfg = Release|Any CPU
		{22B541F6-47DA-4D76-A1C1-43C79B2C8D7B}.Release|Any CPU.Build.0 = Release|Any CPU
	EndGlobalSection
	GlobalSection(SolutionProperties) = preSolution
		HideSolutionNode = FALSE
	EndGlobalSection
	GlobalSection(ExtensibilityGlobals) = postSolution
		SolutionGuid = {1F479C0E-3501-4564-903F-799C43C45962}
	EndGlobalSection
EndGlobal
